// !$*UTF8*$!
{
	archiveVersion = 1;
	classes = {
	};
	objectVersion = 50;
	objects = {

/* Begin PBXBuildFile section */
		189ECEE4750E1F94C7763674 /* Pods_JTMovies.framework in Frameworks */ = {isa = PBXBuildFile; fileRef = EED4525C2C56E1D1324AEE33 /* Pods_JTMovies.framework */; };
		625C3A1722E82A1A002D3B64 /* HTTPMethod.swift in Sources */ = {isa = PBXBuildFile; fileRef = 625C3A1622E82A1A002D3B64 /* HTTPMethod.swift */; };
		625C3A1922E82A41002D3B64 /* EndPoint.swift in Sources */ = {isa = PBXBuildFile; fileRef = 625C3A1822E82A41002D3B64 /* EndPoint.swift */; };
		625C3A1B22E83034002D3B64 /* API.swift in Sources */ = {isa = PBXBuildFile; fileRef = 625C3A1A22E83034002D3B64 /* API.swift */; };
		625C3A1D22E83058002D3B64 /* NetworkingTests.swift in Sources */ = {isa = PBXBuildFile; fileRef = 625C3A1C22E83058002D3B64 /* NetworkingTests.swift */; };
		625C3A1F22E8318B002D3B64 /* MovieAPI.swift in Sources */ = {isa = PBXBuildFile; fileRef = 625C3A1E22E8318B002D3B64 /* MovieAPI.swift */; };
		625C3A2422E83658002D3B64 /* Movies.swift in Sources */ = {isa = PBXBuildFile; fileRef = 625C3A2322E83658002D3B64 /* Movies.swift */; };
		625C3A2622E841D8002D3B64 /* NetworkLogger.swift in Sources */ = {isa = PBXBuildFile; fileRef = 625C3A2522E841D8002D3B64 /* NetworkLogger.swift */; };
		625C3A2822E84F0A002D3B64 /* Movie.swift in Sources */ = {isa = PBXBuildFile; fileRef = 625C3A2722E84F0A002D3B64 /* Movie.swift */; };
		628F1BFE22E98EFA00DD8EAC /* MovieDetailViewController.swift in Sources */ = {isa = PBXBuildFile; fileRef = 628F1BFD22E98EFA00DD8EAC /* MovieDetailViewController.swift */; };
		628F1C0022E98F9E00DD8EAC /* MovieDetailViewModel.swift in Sources */ = {isa = PBXBuildFile; fileRef = 628F1BFF22E98F9E00DD8EAC /* MovieDetailViewModel.swift */; };
		628F1C0422E99DE300DD8EAC /* MovieDetailViewModelTests.swift in Sources */ = {isa = PBXBuildFile; fileRef = 628F1C0322E99DE300DD8EAC /* MovieDetailViewModelTests.swift */; };
		629BE7AA22E3E600003267DC /* AppDelegate.swift in Sources */ = {isa = PBXBuildFile; fileRef = 629BE7A922E3E600003267DC /* AppDelegate.swift */; };
		629BE7AF22E3E600003267DC /* Main.storyboard in Resources */ = {isa = PBXBuildFile; fileRef = 629BE7AD22E3E600003267DC /* Main.storyboard */; };
		629BE7B122E3E648003267DC /* Assets.xcassets in Resources */ = {isa = PBXBuildFile; fileRef = 629BE7B022E3E648003267DC /* Assets.xcassets */; };
		629BE7B422E3E648003267DC /* LaunchScreen.storyboard in Resources */ = {isa = PBXBuildFile; fileRef = 629BE7B222E3E648003267DC /* LaunchScreen.storyboard */; };
		62CC968822E8B050006A27D5 /* MovieListViewModel.swift in Sources */ = {isa = PBXBuildFile; fileRef = 62CC968722E8B050006A27D5 /* MovieListViewModel.swift */; };
		62CC968A22E8C16D006A27D5 /* MoviesViewController.swift in Sources */ = {isa = PBXBuildFile; fileRef = 62CC968922E8C16D006A27D5 /* MoviesViewController.swift */; };
		62CC968E22E8C5A6006A27D5 /* MoviesListViewModelTests.swift in Sources */ = {isa = PBXBuildFile; fileRef = 62CC968D22E8C5A6006A27D5 /* MoviesListViewModelTests.swift */; };
		62CC969022E8EBE7006A27D5 /* MovieItemCell.swift in Sources */ = {isa = PBXBuildFile; fileRef = 62CC968F22E8EBE7006A27D5 /* MovieItemCell.swift */; };
		62CC969222E8FC08006A27D5 /* Constants.swift in Sources */ = {isa = PBXBuildFile; fileRef = 62CC969122E8FC08006A27D5 /* Constants.swift */; };
		62DBB17B22EB18F1004846CC /* BookNowViewController.swift in Sources */ = {isa = PBXBuildFile; fileRef = 62DBB17A22EB18F1004846CC /* BookNowViewController.swift */; };
		62DBB17D22EB19E0004846CC /* WebKit.framework in Frameworks */ = {isa = PBXBuildFile; fileRef = 62DBB17C22EB19E0004846CC /* WebKit.framework */; };
		6CF3F53A51196B58BDE106C4 /* Pods_JTMoviesTests.framework in Frameworks */ = {isa = PBXBuildFile; fileRef = E0CA95EC69F5F5CD4218DFD2 /* Pods_JTMoviesTests.framework */; };
/* End PBXBuildFile section */

/* Begin PBXContainerItemProxy section */
		629BE7BB22E3E648003267DC /* PBXContainerItemProxy */ = {
			isa = PBXContainerItemProxy;
			containerPortal = 629BE79E22E3E600003267DC /* Project object */;
			proxyType = 1;
			remoteGlobalIDString = 629BE7A522E3E600003267DC;
			remoteInfo = JTMovies;
		};
/* End PBXContainerItemProxy section */

/* Begin PBXFileReference section */
		625C3A1622E82A1A002D3B64 /* HTTPMethod.swift */ = {isa = PBXFileReference; lastKnownFileType = sourcecode.swift; path = HTTPMethod.swift; sourceTree = "<group>"; };
		625C3A1822E82A41002D3B64 /* EndPoint.swift */ = {isa = PBXFileReference; lastKnownFileType = sourcecode.swift; path = EndPoint.swift; sourceTree = "<group>"; };
		625C3A1A22E83034002D3B64 /* API.swift */ = {isa = PBXFileReference; lastKnownFileType = sourcecode.swift; path = API.swift; sourceTree = "<group>"; };
		625C3A1C22E83058002D3B64 /* NetworkingTests.swift */ = {isa = PBXFileReference; lastKnownFileType = sourcecode.swift; path = NetworkingTests.swift; sourceTree = "<group>"; };
		625C3A1E22E8318B002D3B64 /* MovieAPI.swift */ = {isa = PBXFileReference; lastKnownFileType = sourcecode.swift; path = MovieAPI.swift; sourceTree = "<group>"; };
		625C3A2322E83658002D3B64 /* Movies.swift */ = {isa = PBXFileReference; lastKnownFileType = sourcecode.swift; path = Movies.swift; sourceTree = "<group>"; };
		625C3A2522E841D8002D3B64 /* NetworkLogger.swift */ = {isa = PBXFileReference; fileEncoding = 4; lastKnownFileType = sourcecode.swift; path = NetworkLogger.swift; sourceTree = "<group>"; };
		625C3A2722E84F0A002D3B64 /* Movie.swift */ = {isa = PBXFileReference; lastKnownFileType = sourcecode.swift; path = Movie.swift; sourceTree = "<group>"; };
		628F1BFD22E98EFA00DD8EAC /* MovieDetailViewController.swift */ = {isa = PBXFileReference; lastKnownFileType = sourcecode.swift; path = MovieDetailViewController.swift; sourceTree = "<group>"; };
		628F1BFF22E98F9E00DD8EAC /* MovieDetailViewModel.swift */ = {isa = PBXFileReference; lastKnownFileType = sourcecode.swift; path = MovieDetailViewModel.swift; sourceTree = "<group>"; };
		628F1C0322E99DE300DD8EAC /* MovieDetailViewModelTests.swift */ = {isa = PBXFileReference; lastKnownFileType = sourcecode.swift; path = MovieDetailViewModelTests.swift; sourceTree = "<group>"; };
		629BE7A622E3E600003267DC /* JTMovies.app */ = {isa = PBXFileReference; explicitFileType = wrapper.application; includeInIndex = 0; path = JTMovies.app; sourceTree = BUILT_PRODUCTS_DIR; };
		629BE7A922E3E600003267DC /* AppDelegate.swift */ = {isa = PBXFileReference; lastKnownFileType = sourcecode.swift; path = AppDelegate.swift; sourceTree = "<group>"; };
		629BE7AE22E3E600003267DC /* Base */ = {isa = PBXFileReference; lastKnownFileType = file.storyboard; name = Base; path = Base.lproj/Main.storyboard; sourceTree = "<group>"; };
		629BE7B022E3E648003267DC /* Assets.xcassets */ = {isa = PBXFileReference; lastKnownFileType = folder.assetcatalog; path = Assets.xcassets; sourceTree = "<group>"; };
		629BE7B322E3E648003267DC /* Base */ = {isa = PBXFileReference; lastKnownFileType = file.storyboard; name = Base; path = Base.lproj/LaunchScreen.storyboard; sourceTree = "<group>"; };
		629BE7B522E3E648003267DC /* Info.plist */ = {isa = PBXFileReference; lastKnownFileType = text.plist.xml; path = Info.plist; sourceTree = "<group>"; };
		629BE7BA22E3E648003267DC /* JTMoviesTests.xctest */ = {isa = PBXFileReference; explicitFileType = wrapper.cfbundle; includeInIndex = 0; path = JTMoviesTests.xctest; sourceTree = BUILT_PRODUCTS_DIR; };
		629BE7C022E3E648003267DC /* Info.plist */ = {isa = PBXFileReference; lastKnownFileType = text.plist.xml; path = Info.plist; sourceTree = "<group>"; };
		62CC968722E8B050006A27D5 /* MovieListViewModel.swift */ = {isa = PBXFileReference; lastKnownFileType = sourcecode.swift; path = MovieListViewModel.swift; sourceTree = "<group>"; };
		62CC968922E8C16D006A27D5 /* MoviesViewController.swift */ = {isa = PBXFileReference; lastKnownFileType = sourcecode.swift; path = MoviesViewController.swift; sourceTree = "<group>"; };
		62CC968D22E8C5A6006A27D5 /* MoviesListViewModelTests.swift */ = {isa = PBXFileReference; lastKnownFileType = sourcecode.swift; path = MoviesListViewModelTests.swift; sourceTree = "<group>"; };
		62CC968F22E8EBE7006A27D5 /* MovieItemCell.swift */ = {isa = PBXFileReference; lastKnownFileType = sourcecode.swift; path = MovieItemCell.swift; sourceTree = "<group>"; };
		62CC969122E8FC08006A27D5 /* Constants.swift */ = {isa = PBXFileReference; lastKnownFileType = sourcecode.swift; path = Constants.swift; sourceTree = "<group>"; };
		62DBB17A22EB18F1004846CC /* BookNowViewController.swift */ = {isa = PBXFileReference; lastKnownFileType = sourcecode.swift; path = BookNowViewController.swift; sourceTree = "<group>"; };
		62DBB17C22EB19E0004846CC /* WebKit.framework */ = {isa = PBXFileReference; lastKnownFileType = wrapper.framework; name = WebKit.framework; path = System/Library/Frameworks/WebKit.framework; sourceTree = SDKROOT; };
		931539C41313382A3D1742E1 /* Pods-JTMovies.release.xcconfig */ = {isa = PBXFileReference; includeInIndex = 1; lastKnownFileType = text.xcconfig; name = "Pods-JTMovies.release.xcconfig"; path = "Pods/Target Support Files/Pods-JTMovies/Pods-JTMovies.release.xcconfig"; sourceTree = "<group>"; };
		AB970C49104053A8003BD189 /* Pods-JTMoviesTests.debug.xcconfig */ = {isa = PBXFileReference; includeInIndex = 1; lastKnownFileType = text.xcconfig; name = "Pods-JTMoviesTests.debug.xcconfig"; path = "Pods/Target Support Files/Pods-JTMoviesTests/Pods-JTMoviesTests.debug.xcconfig"; sourceTree = "<group>"; };
		E0CA95EC69F5F5CD4218DFD2 /* Pods_JTMoviesTests.framework */ = {isa = PBXFileReference; explicitFileType = wrapper.framework; includeInIndex = 0; path = Pods_JTMoviesTests.framework; sourceTree = BUILT_PRODUCTS_DIR; };
		E2EB8F75A0CBC80A882D5B4F /* Pods-JTMovies.debug.xcconfig */ = {isa = PBXFileReference; includeInIndex = 1; lastKnownFileType = text.xcconfig; name = "Pods-JTMovies.debug.xcconfig"; path = "Pods/Target Support Files/Pods-JTMovies/Pods-JTMovies.debug.xcconfig"; sourceTree = "<group>"; };
		EED4525C2C56E1D1324AEE33 /* Pods_JTMovies.framework */ = {isa = PBXFileReference; explicitFileType = wrapper.framework; includeInIndex = 0; path = Pods_JTMovies.framework; sourceTree = BUILT_PRODUCTS_DIR; };
		F2D958D9699C439030AEF30E /* Pods-JTMoviesTests.release.xcconfig */ = {isa = PBXFileReference; includeInIndex = 1; lastKnownFileType = text.xcconfig; name = "Pods-JTMoviesTests.release.xcconfig"; path = "Pods/Target Support Files/Pods-JTMoviesTests/Pods-JTMoviesTests.release.xcconfig"; sourceTree = "<group>"; };
/* End PBXFileReference section */

/* Begin PBXFrameworksBuildPhase section */
		629BE7A322E3E600003267DC /* Frameworks */ = {
			isa = PBXFrameworksBuildPhase;
			buildActionMask = 2147483647;
			files = (
				62DBB17D22EB19E0004846CC /* WebKit.framework in Frameworks */,
				189ECEE4750E1F94C7763674 /* Pods_JTMovies.framework in Frameworks */,
			);
			runOnlyForDeploymentPostprocessing = 0;
		};
		629BE7B722E3E648003267DC /* Frameworks */ = {
			isa = PBXFrameworksBuildPhase;
			buildActionMask = 2147483647;
			files = (
				6CF3F53A51196B58BDE106C4 /* Pods_JTMoviesTests.framework in Frameworks */,
			);
			runOnlyForDeploymentPostprocessing = 0;
		};
/* End PBXFrameworksBuildPhase section */

/* Begin PBXGroup section */
		55B92E236C86E899F517B194 /* Pods */ = {
			isa = PBXGroup;
			children = (
				E2EB8F75A0CBC80A882D5B4F /* Pods-JTMovies.debug.xcconfig */,
				931539C41313382A3D1742E1 /* Pods-JTMovies.release.xcconfig */,
				AB970C49104053A8003BD189 /* Pods-JTMoviesTests.debug.xcconfig */,
				F2D958D9699C439030AEF30E /* Pods-JTMoviesTests.release.xcconfig */,
			);
			name = Pods;
			sourceTree = "<group>";
		};
		625C3A1522E829D2002D3B64 /* Networking */ = {
			isa = PBXGroup;
			children = (
				625C3A2122E831AF002D3B64 /* Endpoint */,
				625C3A2022E831A1002D3B64 /* Service */,
			);
			path = Networking;
			sourceTree = "<group>";
		};
		625C3A2022E831A1002D3B64 /* Service */ = {
			isa = PBXGroup;
			children = (
				625C3A1A22E83034002D3B64 /* API.swift */,
				625C3A1822E82A41002D3B64 /* EndPoint.swift */,
				625C3A1622E82A1A002D3B64 /* HTTPMethod.swift */,
				625C3A2522E841D8002D3B64 /* NetworkLogger.swift */,
			);
			path = Service;
			sourceTree = "<group>";
		};
		625C3A2122E831AF002D3B64 /* Endpoint */ = {
			isa = PBXGroup;
			children = (
				625C3A1E22E8318B002D3B64 /* MovieAPI.swift */,
			);
			path = Endpoint;
			sourceTree = "<group>";
		};
		629BE79D22E3E600003267DC = {
			isa = PBXGroup;
			children = (
				629BE7A822E3E600003267DC /* JTMovies */,
				629BE7BD22E3E648003267DC /* JTMoviesTests */,
				629BE7A722E3E600003267DC /* Products */,
				55B92E236C86E899F517B194 /* Pods */,
				A4DE25BC25D10F513BF246DF /* Frameworks */,
			);
			sourceTree = "<group>";
		};
		629BE7A722E3E600003267DC /* Products */ = {
			isa = PBXGroup;
			children = (
				629BE7A622E3E600003267DC /* JTMovies.app */,
				629BE7BA22E3E648003267DC /* JTMoviesTests.xctest */,
			);
			name = Products;
			sourceTree = "<group>";
		};
		629BE7A822E3E600003267DC /* JTMovies */ = {
			isa = PBXGroup;
			children = (
				629BE7C922E3E969003267DC /* Application */,
				629BE7CC22E3E9A4003267DC /* Models */,
				629BE7CB22E3E99D003267DC /* Views */,
				629BE7CD22E3E9AB003267DC /* ViewModels */,
				625C3A1522E829D2002D3B64 /* Networking */,
				629BE7CA22E3E97C003267DC /* Storyboards */,
				629BE7B522E3E648003267DC /* Info.plist */,
			);
			path = JTMovies;
			sourceTree = "<group>";
		};
		629BE7BD22E3E648003267DC /* JTMoviesTests */ = {
			isa = PBXGroup;
			children = (
				625C3A1C22E83058002D3B64 /* NetworkingTests.swift */,
				62CC968D22E8C5A6006A27D5 /* MoviesListViewModelTests.swift */,
				628F1C0322E99DE300DD8EAC /* MovieDetailViewModelTests.swift */,
				629BE7C022E3E648003267DC /* Info.plist */,
			);
			path = JTMoviesTests;
			sourceTree = "<group>";
		};
		629BE7C922E3E969003267DC /* Application */ = {
			isa = PBXGroup;
			children = (
				629BE7A922E3E600003267DC /* AppDelegate.swift */,
				629BE7B022E3E648003267DC /* Assets.xcassets */,
				62CC969122E8FC08006A27D5 /* Constants.swift */,
			);
			path = Application;
			sourceTree = "<group>";
		};
		629BE7CA22E3E97C003267DC /* Storyboards */ = {
			isa = PBXGroup;
			children = (
				629BE7AD22E3E600003267DC /* Main.storyboard */,
				629BE7B222E3E648003267DC /* LaunchScreen.storyboard */,
			);
			path = Storyboards;
			sourceTree = "<group>";
		};
		629BE7CB22E3E99D003267DC /* Views */ = {
			isa = PBXGroup;
			children = (
				62CC968922E8C16D006A27D5 /* MoviesViewController.swift */,
				62CC968F22E8EBE7006A27D5 /* MovieItemCell.swift */,
				628F1BFD22E98EFA00DD8EAC /* MovieDetailViewController.swift */,
				62DBB17A22EB18F1004846CC /* BookNowViewController.swift */,
			);
			path = Views;
			sourceTree = "<group>";
		};
		629BE7CC22E3E9A4003267DC /* Models */ = {
			isa = PBXGroup;
			children = (
				625C3A2322E83658002D3B64 /* Movies.swift */,
				625C3A2722E84F0A002D3B64 /* Movie.swift */,
			);
			path = Models;
			sourceTree = "<group>";
		};
		629BE7CD22E3E9AB003267DC /* ViewModels */ = {
			isa = PBXGroup;
			children = (
				62CC968722E8B050006A27D5 /* MovieListViewModel.swift */,
				628F1BFF22E98F9E00DD8EAC /* MovieDetailViewModel.swift */,
			);
			path = ViewModels;
			sourceTree = "<group>";
		};
		A4DE25BC25D10F513BF246DF /* Frameworks */ = {
			isa = PBXGroup;
			children = (
				62DBB17C22EB19E0004846CC /* WebKit.framework */,
				EED4525C2C56E1D1324AEE33 /* Pods_JTMovies.framework */,
				E0CA95EC69F5F5CD4218DFD2 /* Pods_JTMoviesTests.framework */,
			);
			name = Frameworks;
			sourceTree = "<group>";
		};
/* End PBXGroup section */

/* Begin PBXNativeTarget section */
		629BE7A522E3E600003267DC /* JTMovies */ = {
			isa = PBXNativeTarget;
			buildConfigurationList = 629BE7C322E3E648003267DC /* Build configuration list for PBXNativeTarget "JTMovies" */;
			buildPhases = (
				578DB4535D9D46D4F6FF4B3C /* [CP] Check Pods Manifest.lock */,
				629BE7A222E3E600003267DC /* Sources */,
				629BE7A322E3E600003267DC /* Frameworks */,
				629BE7A422E3E600003267DC /* Resources */,
				4A5F99ABC87210C123299E3E /* [CP] Embed Pods Frameworks */,
			);
			buildRules = (
			);
			dependencies = (
			);
			name = JTMovies;
			productName = JTMovies;
			productReference = 629BE7A622E3E600003267DC /* JTMovies.app */;
			productType = "com.apple.product-type.application";
		};
		629BE7B922E3E648003267DC /* JTMoviesTests */ = {
			isa = PBXNativeTarget;
			buildConfigurationList = 629BE7C622E3E648003267DC /* Build configuration list for PBXNativeTarget "JTMoviesTests" */;
			buildPhases = (
				9E3B595C0C875AB46684E2B2 /* [CP] Check Pods Manifest.lock */,
				629BE7B622E3E648003267DC /* Sources */,
				629BE7B722E3E648003267DC /* Frameworks */,
				629BE7B822E3E648003267DC /* Resources */,
			);
			buildRules = (
			);
			dependencies = (
				629BE7BC22E3E648003267DC /* PBXTargetDependency */,
			);
			name = JTMoviesTests;
			productName = JTMoviesTests;
			productReference = 629BE7BA22E3E648003267DC /* JTMoviesTests.xctest */;
			productType = "com.apple.product-type.bundle.unit-test";
		};
/* End PBXNativeTarget section */

/* Begin PBXProject section */
		629BE79E22E3E600003267DC /* Project object */ = {
			isa = PBXProject;
			attributes = {
				LastSwiftUpdateCheck = 1020;
				LastUpgradeCheck = 1020;
				ORGANIZATIONNAME = "Jeff Tabios";
				TargetAttributes = {
					629BE7A522E3E600003267DC = {
						CreatedOnToolsVersion = 10.2.1;
					};
					629BE7B922E3E648003267DC = {
						CreatedOnToolsVersion = 10.2.1;
						LastSwiftMigration = 1030;
						TestTargetID = 629BE7A522E3E600003267DC;
					};
				};
			};
			buildConfigurationList = 629BE7A122E3E600003267DC /* Build configuration list for PBXProject "JTMovies" */;
			compatibilityVersion = "Xcode 9.3";
			developmentRegion = en;
			hasScannedForEncodings = 0;
			knownRegions = (
				en,
				Base,
			);
			mainGroup = 629BE79D22E3E600003267DC;
			productRefGroup = 629BE7A722E3E600003267DC /* Products */;
			projectDirPath = "";
			projectRoot = "";
			targets = (
				629BE7A522E3E600003267DC /* JTMovies */,
				629BE7B922E3E648003267DC /* JTMoviesTests */,
			);
		};
/* End PBXProject section */

/* Begin PBXResourcesBuildPhase section */
		629BE7A422E3E600003267DC /* Resources */ = {
			isa = PBXResourcesBuildPhase;
			buildActionMask = 2147483647;
			files = (
				629BE7B422E3E648003267DC /* LaunchScreen.storyboard in Resources */,
				629BE7B122E3E648003267DC /* Assets.xcassets in Resources */,
				629BE7AF22E3E600003267DC /* Main.storyboard in Resources */,
			);
			runOnlyForDeploymentPostprocessing = 0;
		};
		629BE7B822E3E648003267DC /* Resources */ = {
			isa = PBXResourcesBuildPhase;
			buildActionMask = 2147483647;
			files = (
			);
			runOnlyForDeploymentPostprocessing = 0;
		};
/* End PBXResourcesBuildPhase section */

/* Begin PBXShellScriptBuildPhase section */
		4A5F99ABC87210C123299E3E /* [CP] Embed Pods Frameworks */ = {
			isa = PBXShellScriptBuildPhase;
			buildActionMask = 2147483647;
			files = (
			);
			inputFileListPaths = (
			);
			inputPaths = (
				"${SRCROOT}/Pods/Target Support Files/Pods-JTMovies/Pods-JTMovies-frameworks.sh",
				"${BUILT_PRODUCTS_DIR}/Kingfisher/Kingfisher.framework",
				"${BUILT_PRODUCTS_DIR}/Networking/Networking.framework",
				"${BUILT_PRODUCTS_DIR}/RxCocoa/RxCocoa.framework",
				"${BUILT_PRODUCTS_DIR}/RxRelay/RxRelay.framework",
				"${BUILT_PRODUCTS_DIR}/RxSwift/RxSwift.framework",
			);
			name = "[CP] Embed Pods Frameworks";
			outputFileListPaths = (
			);
			outputPaths = (
				"${TARGET_BUILD_DIR}/${FRAMEWORKS_FOLDER_PATH}/Kingfisher.framework",
				"${TARGET_BUILD_DIR}/${FRAMEWORKS_FOLDER_PATH}/Networking.framework",
				"${TARGET_BUILD_DIR}/${FRAMEWORKS_FOLDER_PATH}/RxCocoa.framework",
				"${TARGET_BUILD_DIR}/${FRAMEWORKS_FOLDER_PATH}/RxRelay.framework",
				"${TARGET_BUILD_DIR}/${FRAMEWORKS_FOLDER_PATH}/RxSwift.framework",
			);
			runOnlyForDeploymentPostprocessing = 0;
			shellPath = /bin/sh;
			shellScript = "\"${SRCROOT}/Pods/Target Support Files/Pods-JTMovies/Pods-JTMovies-frameworks.sh\"\n";
			showEnvVarsInLog = 0;
		};
		578DB4535D9D46D4F6FF4B3C /* [CP] Check Pods Manifest.lock */ = {
			isa = PBXShellScriptBuildPhase;
			buildActionMask = 2147483647;
			files = (
			);
			inputFileListPaths = (
			);
			inputPaths = (
				"${PODS_PODFILE_DIR_PATH}/Podfile.lock",
				"${PODS_ROOT}/Manifest.lock",
			);
			name = "[CP] Check Pods Manifest.lock";
			outputFileListPaths = (
			);
			outputPaths = (
				"$(DERIVED_FILE_DIR)/Pods-JTMovies-checkManifestLockResult.txt",
			);
			runOnlyForDeploymentPostprocessing = 0;
			shellPath = /bin/sh;
			shellScript = "diff \"${PODS_PODFILE_DIR_PATH}/Podfile.lock\" \"${PODS_ROOT}/Manifest.lock\" > /dev/null\nif [ $? != 0 ] ; then\n    # print error to STDERR\n    echo \"error: The sandbox is not in sync with the Podfile.lock. Run 'pod install' or update your CocoaPods installation.\" >&2\n    exit 1\nfi\n# This output is used by Xcode 'outputs' to avoid re-running this script phase.\necho \"SUCCESS\" > \"${SCRIPT_OUTPUT_FILE_0}\"\n";
			showEnvVarsInLog = 0;
		};
		9E3B595C0C875AB46684E2B2 /* [CP] Check Pods Manifest.lock */ = {
			isa = PBXShellScriptBuildPhase;
			buildActionMask = 2147483647;
			files = (
			);
			inputFileListPaths = (
			);
			inputPaths = (
				"${PODS_PODFILE_DIR_PATH}/Podfile.lock",
				"${PODS_ROOT}/Manifest.lock",
			);
			name = "[CP] Check Pods Manifest.lock";
			outputFileListPaths = (
			);
			outputPaths = (
				"$(DERIVED_FILE_DIR)/Pods-JTMoviesTests-checkManifestLockResult.txt",
			);
			runOnlyForDeploymentPostprocessing = 0;
			shellPath = /bin/sh;
			shellScript = "diff \"${PODS_PODFILE_DIR_PATH}/Podfile.lock\" \"${PODS_ROOT}/Manifest.lock\" > /dev/null\nif [ $? != 0 ] ; then\n    # print error to STDERR\n    echo \"error: The sandbox is not in sync with the Podfile.lock. Run 'pod install' or update your CocoaPods installation.\" >&2\n    exit 1\nfi\n# This output is used by Xcode 'outputs' to avoid re-running this script phase.\necho \"SUCCESS\" > \"${SCRIPT_OUTPUT_FILE_0}\"\n";
			showEnvVarsInLog = 0;
		};
/* End PBXShellScriptBuildPhase section */

/* Begin PBXSourcesBuildPhase section */
		629BE7A222E3E600003267DC /* Sources */ = {
			isa = PBXSourcesBuildPhase;
			buildActionMask = 2147483647;
			files = (
				62CC969022E8EBE7006A27D5 /* MovieItemCell.swift in Sources */,
				62CC968A22E8C16D006A27D5 /* MoviesViewController.swift in Sources */,
				625C3A2622E841D8002D3B64 /* NetworkLogger.swift in Sources */,
				625C3A1B22E83034002D3B64 /* API.swift in Sources */,
				628F1BFE22E98EFA00DD8EAC /* MovieDetailViewController.swift in Sources */,
				625C3A1922E82A41002D3B64 /* EndPoint.swift in Sources */,
				625C3A2422E83658002D3B64 /* Movies.swift in Sources */,
				62DBB17B22EB18F1004846CC /* BookNowViewController.swift in Sources */,
				625C3A1722E82A1A002D3B64 /* HTTPMethod.swift in Sources */,
				629BE7AA22E3E600003267DC /* AppDelegate.swift in Sources */,
				625C3A2822E84F0A002D3B64 /* Movie.swift in Sources */,
				625C3A1F22E8318B002D3B64 /* MovieAPI.swift in Sources */,
				62CC968822E8B050006A27D5 /* MovieListViewModel.swift in Sources */,
				628F1C0022E98F9E00DD8EAC /* MovieDetailViewModel.swift in Sources */,
				62CC969222E8FC08006A27D5 /* Constants.swift in Sources */,
			);
			runOnlyForDeploymentPostprocessing = 0;
		};
		629BE7B622E3E648003267DC /* Sources */ = {
			isa = PBXSourcesBuildPhase;
			buildActionMask = 2147483647;
			files = (
				628F1C0422E99DE300DD8EAC /* MovieDetailViewModelTests.swift in Sources */,
				625C3A1D22E83058002D3B64 /* NetworkingTests.swift in Sources */,
				62CC968E22E8C5A6006A27D5 /* MoviesListViewModelTests.swift in Sources */,
			);
			runOnlyForDeploymentPostprocessing = 0;
		};
/* End PBXSourcesBuildPhase section */

/* Begin PBXTargetDependency section */
		629BE7BC22E3E648003267DC /* PBXTargetDependency */ = {
			isa = PBXTargetDependency;
			target = 629BE7A522E3E600003267DC /* JTMovies */;
			targetProxy = 629BE7BB22E3E648003267DC /* PBXContainerItemProxy */;
		};
/* End PBXTargetDependency section */

/* Begin PBXVariantGroup section */
		629BE7AD22E3E600003267DC /* Main.storyboard */ = {
			isa = PBXVariantGroup;
			children = (
				629BE7AE22E3E600003267DC /* Base */,
			);
			name = Main.storyboard;
			sourceTree = "<group>";
		};
		629BE7B222E3E648003267DC /* LaunchScreen.storyboard */ = {
			isa = PBXVariantGroup;
			children = (
				629BE7B322E3E648003267DC /* Base */,
			);
			name = LaunchScreen.storyboard;
			sourceTree = "<group>";
		};
/* End PBXVariantGroup section */

/* Begin XCBuildConfiguration section */
		629BE7C122E3E648003267DC /* Debug */ = {
			isa = XCBuildConfiguration;
			buildSettings = {
				ALWAYS_SEARCH_USER_PATHS = NO;
				CLANG_ANALYZER_NONNULL = YES;
				CLANG_ANALYZER_NUMBER_OBJECT_CONVERSION = YES_AGGRESSIVE;
				CLANG_CXX_LANGUAGE_STANDARD = "gnu++14";
				CLANG_CXX_LIBRARY = "libc++";
				CLANG_ENABLE_MODULES = YES;
				CLANG_ENABLE_OBJC_ARC = YES;
				CLANG_ENABLE_OBJC_WEAK = YES;
				CLANG_WARN_BLOCK_CAPTURE_AUTORELEASING = YES;
				CLANG_WARN_BOOL_CONVERSION = YES;
				CLANG_WARN_COMMA = YES;
				CLANG_WARN_CONSTANT_CONVERSION = YES;
				CLANG_WARN_DEPRECATED_OBJC_IMPLEMENTATIONS = YES;
				CLANG_WARN_DIRECT_OBJC_ISA_USAGE = YES_ERROR;
				CLANG_WARN_DOCUMENTATION_COMMENTS = YES;
				CLANG_WARN_EMPTY_BODY = YES;
				CLANG_WARN_ENUM_CONVERSION = YES;
				CLANG_WARN_INFINITE_RECURSION = YES;
				CLANG_WARN_INT_CONVERSION = YES;
				CLANG_WARN_NON_LITERAL_NULL_CONVERSION = YES;
				CLANG_WARN_OBJC_IMPLICIT_RETAIN_SELF = YES;
				CLANG_WARN_OBJC_LITERAL_CONVERSION = YES;
				CLANG_WARN_OBJC_ROOT_CLASS = YES_ERROR;
				CLANG_WARN_RANGE_LOOP_ANALYSIS = YES;
				CLANG_WARN_STRICT_PROTOTYPES = YES;
				CLANG_WARN_SUSPICIOUS_MOVE = YES;
				CLANG_WARN_UNGUARDED_AVAILABILITY = YES_AGGRESSIVE;
				CLANG_WARN_UNREACHABLE_CODE = YES;
				CLANG_WARN__DUPLICATE_METHOD_MATCH = YES;
				CODE_SIGN_IDENTITY = "iPhone Developer";
				COPY_PHASE_STRIP = NO;
				DEBUG_INFORMATION_FORMAT = dwarf;
				ENABLE_STRICT_OBJC_MSGSEND = YES;
				ENABLE_TESTABILITY = YES;
				GCC_C_LANGUAGE_STANDARD = gnu11;
				GCC_DYNAMIC_NO_PIC = NO;
				GCC_NO_COMMON_BLOCKS = YES;
				GCC_OPTIMIZATION_LEVEL = 0;
				GCC_PREPROCESSOR_DEFINITIONS = (
					"DEBUG=1",
					"$(inherited)",
				);
				GCC_WARN_64_TO_32_BIT_CONVERSION = YES;
				GCC_WARN_ABOUT_RETURN_TYPE = YES_ERROR;
				GCC_WARN_UNDECLARED_SELECTOR = YES;
				GCC_WARN_UNINITIALIZED_AUTOS = YES_AGGRESSIVE;
				GCC_WARN_UNUSED_FUNCTION = YES;
				GCC_WARN_UNUSED_VARIABLE = YES;
				IPHONEOS_DEPLOYMENT_TARGET = 12.2;
				MTL_ENABLE_DEBUG_INFO = INCLUDE_SOURCE;
				MTL_FAST_MATH = YES;
				ONLY_ACTIVE_ARCH = YES;
				SDKROOT = iphoneos;
				SWIFT_ACTIVE_COMPILATION_CONDITIONS = DEBUG;
				SWIFT_OPTIMIZATION_LEVEL = "-Onone";
			};
			name = Debug;
		};
		629BE7C222E3E648003267DC /* Release */ = {
			isa = XCBuildConfiguration;
			buildSettings = {
				ALWAYS_SEARCH_USER_PATHS = NO;
				CLANG_ANALYZER_NONNULL = YES;
				CLANG_ANALYZER_NUMBER_OBJECT_CONVERSION = YES_AGGRESSIVE;
				CLANG_CXX_LANGUAGE_STANDARD = "gnu++14";
				CLANG_CXX_LIBRARY = "libc++";
				CLANG_ENABLE_MODULES = YES;
				CLANG_ENABLE_OBJC_ARC = YES;
				CLANG_ENABLE_OBJC_WEAK = YES;
				CLANG_WARN_BLOCK_CAPTURE_AUTORELEASING = YES;
				CLANG_WARN_BOOL_CONVERSION = YES;
				CLANG_WARN_COMMA = YES;
				CLANG_WARN_CONSTANT_CONVERSION = YES;
				CLANG_WARN_DEPRECATED_OBJC_IMPLEMENTATIONS = YES;
				CLANG_WARN_DIRECT_OBJC_ISA_USAGE = YES_ERROR;
				CLANG_WARN_DOCUMENTATION_COMMENTS = YES;
				CLANG_WARN_EMPTY_BODY = YES;
				CLANG_WARN_ENUM_CONVERSION = YES;
				CLANG_WARN_INFINITE_RECURSION = YES;
				CLANG_WARN_INT_CONVERSION = YES;
				CLANG_WARN_NON_LITERAL_NULL_CONVERSION = YES;
				CLANG_WARN_OBJC_IMPLICIT_RETAIN_SELF = YES;
				CLANG_WARN_OBJC_LITERAL_CONVERSION = YES;
				CLANG_WARN_OBJC_ROOT_CLASS = YES_ERROR;
				CLANG_WARN_RANGE_LOOP_ANALYSIS = YES;
				CLANG_WARN_STRICT_PROTOTYPES = YES;
				CLANG_WARN_SUSPICIOUS_MOVE = YES;
				CLANG_WARN_UNGUARDED_AVAILABILITY = YES_AGGRESSIVE;
				CLANG_WARN_UNREACHABLE_CODE = YES;
				CLANG_WARN__DUPLICATE_METHOD_MATCH = YES;
				CODE_SIGN_IDENTITY = "iPhone Developer";
				COPY_PHASE_STRIP = NO;
				DEBUG_INFORMATION_FORMAT = "dwarf-with-dsym";
				ENABLE_NS_ASSERTIONS = NO;
				ENABLE_STRICT_OBJC_MSGSEND = YES;
				GCC_C_LANGUAGE_STANDARD = gnu11;
				GCC_NO_COMMON_BLOCKS = YES;
				GCC_WARN_64_TO_32_BIT_CONVERSION = YES;
				GCC_WARN_ABOUT_RETURN_TYPE = YES_ERROR;
				GCC_WARN_UNDECLARED_SELECTOR = YES;
				GCC_WARN_UNINITIALIZED_AUTOS = YES_AGGRESSIVE;
				GCC_WARN_UNUSED_FUNCTION = YES;
				GCC_WARN_UNUSED_VARIABLE = YES;
				IPHONEOS_DEPLOYMENT_TARGET = 12.2;
				MTL_ENABLE_DEBUG_INFO = NO;
				MTL_FAST_MATH = YES;
				SDKROOT = iphoneos;
				SWIFT_COMPILATION_MODE = wholemodule;
				SWIFT_OPTIMIZATION_LEVEL = "-O";
				VALIDATE_PRODUCT = YES;
			};
			name = Release;
		};
		629BE7C422E3E648003267DC /* Debug */ = {
			isa = XCBuildConfiguration;
			baseConfigurationReference = E2EB8F75A0CBC80A882D5B4F /* Pods-JTMovies.debug.xcconfig */;
			buildSettings = {
				ASSETCATALOG_COMPILER_APPICON_NAME = AppIcon;
				CODE_SIGN_STYLE = Automatic;
				DEVELOPMENT_TEAM = N6U6W99XWV;
				INFOPLIST_FILE = JTMovies/Info.plist;
				LD_RUNPATH_SEARCH_PATHS = (
					"$(inherited)",
					"@executable_path/Frameworks",
				);
				PRODUCT_BUNDLE_IDENTIFIER = com.testorg.JTMovies;
				PRODUCT_NAME = "$(TARGET_NAME)";
				SWIFT_VERSION = 5.0;
				TARGETED_DEVICE_FAMILY = "1,2";
			};
			name = Debug;
		};
		629BE7C522E3E648003267DC /* Release */ = {
			isa = XCBuildConfiguration;
			baseConfigurationReference = 931539C41313382A3D1742E1 /* Pods-JTMovies.release.xcconfig */;
			buildSettings = {
				ASSETCATALOG_COMPILER_APPICON_NAME = AppIcon;
				CODE_SIGN_STYLE = Automatic;
				DEVELOPMENT_TEAM = N6U6W99XWV;
				INFOPLIST_FILE = JTMovies/Info.plist;
				LD_RUNPATH_SEARCH_PATHS = (
					"$(inherited)",
					"@executable_path/Frameworks",
				);
				PRODUCT_BUNDLE_IDENTIFIER = com.testorg.JTMovies;
				PRODUCT_NAME = "$(TARGET_NAME)";
				SWIFT_VERSION = 5.0;
				TARGETED_DEVICE_FAMILY = "1,2";
			};
			name = Release;
		};
		629BE7C722E3E648003267DC /* Debug */ = {
			isa = XCBuildConfiguration;
			baseConfigurationReference = AB970C49104053A8003BD189 /* Pods-JTMoviesTests.debug.xcconfig */;
			buildSettings = {
				ALWAYS_EMBED_SWIFT_STANDARD_LIBRARIES = YES;
				BUNDLE_LOADER = "$(TEST_HOST)";
				CLANG_ENABLE_MODULES = YES;
				CODE_SIGN_STYLE = Automatic;
				DEVELOPMENT_TEAM = N6U6W99XWV;
				INFOPLIST_FILE = JTMoviesTests/Info.plist;
				LD_RUNPATH_SEARCH_PATHS = (
					"$(inherited)",
					"@executable_path/Frameworks",
					"@loader_path/Frameworks",
				);
				PRODUCT_BUNDLE_IDENTIFIER = com.testorg.JTMoviesTests;
				PRODUCT_NAME = "$(TARGET_NAME)";
				SWIFT_OPTIMIZATION_LEVEL = "-Onone";
				SWIFT_VERSION = 5.0;
				TARGETED_DEVICE_FAMILY = "1,2";
				TEST_HOST = "$(BUILT_PRODUCTS_DIR)/JTMovies.app/JTMovies";
			};
			name = Debug;
		};
		629BE7C822E3E648003267DC /* Release */ = {
			isa = XCBuildConfiguration;
			baseConfigurationReference = F2D958D9699C439030AEF30E /* Pods-JTMoviesTests.release.xcconfig */;
			buildSettings = {
				ALWAYS_EMBED_SWIFT_STANDARD_LIBRARIES = YES;
				BUNDLE_LOADER = "$(TEST_HOST)";
				CLANG_ENABLE_MODULES = YES;
				CODE_SIGN_STYLE = Automatic;
				DEVELOPMENT_TEAM = N6U6W99XWV;
				INFOPLIST_FILE = JTMoviesTests/Info.plist;
				LD_RUNPATH_SEARCH_PATHS = (
					"$(inherited)",
					"@executable_path/Frameworks",
					"@loader_path/Frameworks",
				);
				PRODUCT_BUNDLE_IDENTIFIER = com.testorg.JTMoviesTests;
				PRODUCT_NAME = "$(TARGET_NAME)";
				SWIFT_VERSION = 5.0;
				TARGETED_DEVICE_FAMILY = "1,2";
				TEST_HOST = "$(BUILT_PRODUCTS_DIR)/JTMovies.app/JTMovies";
			};
			name = Release;
		};
/* End XCBuildConfiguration section */

/* Begin XCConfigurationList section */
		629BE7A122E3E600003267DC /* Build configuration list for PBXProject "JTMovies" */ = {
			isa = XCConfigurationList;
			buildConfigurations = (
				629BE7C122E3E648003267DC /* Debug */,
				629BE7C222E3E648003267DC /* Release */,
			);
			defaultConfigurationIsVisible = 0;
			defaultConfigurationName = Release;
		};
		629BE7C322E3E648003267DC /* Build configuration list for PBXNativeTarget "JTMovies" */ = {
			isa = XCConfigurationList;
			buildConfigurations = (
				629BE7C422E3E648003267DC /* Debug */,
				629BE7C522E3E648003267DC /* Release */,
			);
			defaultConfigurationIsVisible = 0;
			defaultConfigurationName = Release;
		};
		629BE7C622E3E648003267DC /* Build configuration list for PBXNativeTarget "JTMoviesTests" */ = {
			isa = XCConfigurationList;
			buildConfigurations = (
				629BE7C722E3E648003267DC /* Debug */,
				629BE7C822E3E648003267DC /* Release */,
			);
			defaultConfigurationIsVisible = 0;
			defaultConfigurationName = Release;
		};
/* End XCConfigurationList section */
	};
	rootObject = 629BE79E22E3E600003267DC /* Project object */;
}
